
Microsoft Visual Studio Solution File, Format Version 12.00
# Visual Studio Version 17
VisualStudioVersion = 17.0.31903.59
MinimumVisualStudioVersion = 10.0.40219.1
Project("{2150E333-8FDC-42A3-9474-1A3956D46DE8}") = "src", "src", "{827E0CD3-B72D-47B6-A68D-7590B98EB39B}"
EndProject
Project("{FAE04EC0-301F-11D3-BF4B-00C04F79EFBC}") = "PropostaService.Domain", "src\PropostaService.Domain\PropostaService.Domain.csproj", "{103415B1-1FEA-4A74-BEFB-8CF06AEBDADB}"
EndProject
Project("{FAE04EC0-301F-11D3-BF4B-00C04F79EFBC}") = "PropostaService.Application", "src\PropostaService.Application\PropostaService.Application.csproj", "{F6A48BB7-1521-499A-8254-C39C32F7E788}"
EndProject
Project("{FAE04EC0-301F-11D3-BF4B-00C04F79EFBC}") = "PropostaService.Api", "src\PropostaService.Api\PropostaService.Api.csproj", "{A4D13BC7-D90D-4D37-A848-B8F7CC73F29F}"
EndProject
Project("{FAE04EC0-301F-11D3-BF4B-00C04F79EFBC}") = "ContratacaoService.Domain", "src\ContratacaoService.Domain\ContratacaoService.Domain.csproj", "{8D9D8875-C648-4D1C-943F-3F5267CD5413}"
EndProject
Project("{FAE04EC0-301F-11D3-BF4B-00C04F79EFBC}") = "ContratacaoService.Application", "src\ContratacaoService.Application\ContratacaoService.Application.csproj", "{D006903E-6F5E-4347-9D68-C1423670F857}"
EndProject
Project("{FAE04EC0-301F-11D3-BF4B-00C04F79EFBC}") = "ContratacaoService.Api", "src\ContratacaoService.Api\ContratacaoService.Api.csproj", "{34B6F04E-A045-4285-9782-03CD3EE72652}"
EndProject
Project("{2150E333-8FDC-42A3-9474-1A3956D46DE8}") = "tests", "tests", "{0AB3BF05-4346-4AA6-1389-037BE0695223}"
EndProject
Project("{FAE04EC0-301F-11D3-BF4B-00C04F79EFBC}") = "PropostaService.Tests", "tests\PropostaService.Tests\PropostaService.Tests.csproj", "{4E90C990-1D6D-4F5C-93FF-54D88DEF585F}"
EndProject
Global
	GlobalSection(SolutionConfigurationPlatforms) = preSolution
		Debug|Any CPU = Debug|Any CPU
		Debug|x64 = Debug|x64
		Debug|x86 = Debug|x86
		Release|Any CPU = Release|Any CPU
		Release|x64 = Release|x64
		Release|x86 = Release|x86
	EndGlobalSection
	GlobalSection(ProjectConfigurationPlatforms) = postSolution
		{103415B1-1FEA-4A74-BEFB-8CF06AEBDADB}.Debug|Any CPU.ActiveCfg = Debug|Any CPU
		{103415B1-1FEA-4A74-BEFB-8CF06AEBDADB}.Debug|Any CPU.Build.0 = Debug|Any CPU
		{103415B1-1FEA-4A74-BEFB-8CF06AEBDADB}.Debug|x64.ActiveCfg = Debug|Any CPU
		{103415B1-1FEA-4A74-BEFB-8CF06AEBDADB}.Debug|x64.Build.0 = Debug|Any CPU
		{103415B1-1FEA-4A74-BEFB-8CF06AEBDADB}.Debug|x86.ActiveCfg = Debug|Any CPU
		{103415B1-1FEA-4A74-BEFB-8CF06AEBDADB}.Debug|x86.Build.0 = Debug|Any CPU
		{103415B1-1FEA-4A74-BEFB-8CF06AEBDADB}.Release|Any CPU.ActiveCfg = Release|Any CPU
		{103415B1-1FEA-4A74-BEFB-8CF06AEBDADB}.Release|Any CPU.Build.0 = Release|Any CPU
		{103415B1-1FEA-4A74-BEFB-8CF06AEBDADB}.Release|x64.ActiveCfg = Release|Any CPU
		{103415B1-1FEA-4A74-BEFB-8CF06AEBDADB}.Release|x64.Build.0 = Release|Any CPU
		{103415B1-1FEA-4A74-BEFB-8CF06AEBDADB}.Release|x86.ActiveCfg = Release|Any CPU
		{103415B1-1FEA-4A74-BEFB-8CF06AEBDADB}.Release|x86.Build.0 = Release|Any CPU
		{F6A48BB7-1521-499A-8254-C39C32F7E788}.Debug|Any CPU.ActiveCfg = Debug|Any CPU
		{F6A48BB7-1521-499A-8254-C39C32F7E788}.Debug|Any CPU.Build.0 = Debug|Any CPU
		{F6A48BB7-1521-499A-8254-C39C32F7E788}.Debug|x64.ActiveCfg = Debug|Any CPU
		{F6A48BB7-1521-499A-8254-C39C32F7E788}.Debug|x64.Build.0 = Debug|Any CPU
		{F6A48BB7-1521-499A-8254-C39C32F7E788}.Debug|x86.ActiveCfg = Debug|Any CPU
		{F6A48BB7-1521-499A-8254-C39C32F7E788}.Debug|x86.Build.0 = Debug|Any CPU
		{F6A48BB7-1521-499A-8254-C39C32F7E788}.Release|Any CPU.ActiveCfg = Release|Any CPU
		{F6A48BB7-1521-499A-8254-C39C32F7E788}.Release|Any CPU.Build.0 = Release|Any CPU
		{F6A48BB7-1521-499A-8254-C39C32F7E788}.Release|x64.ActiveCfg = Release|Any CPU
		{F6A48BB7-1521-499A-8254-C39C32F7E788}.Release|x64.Build.0 = Release|Any CPU
		{F6A48BB7-1521-499A-8254-C39C32F7E788}.Release|x86.ActiveCfg = Release|Any CPU
		{F6A48BB7-1521-499A-8254-C39C32F7E788}.Release|x86.Build.0 = Release|Any CPU
		{A4D13BC7-D90D-4D37-A848-B8F7CC73F29F}.Debug|Any CPU.ActiveCfg = Debug|Any CPU
		{A4D13BC7-D90D-4D37-A848-B8F7CC73F29F}.Debug|Any CPU.Build.0 = Debug|Any CPU
		{A4D13BC7-D90D-4D37-A848-B8F7CC73F29F}.Debug|x64.ActiveCfg = Debug|Any CPU
		{A4D13BC7-D90D-4D37-A848-B8F7CC73F29F}.Debug|x64.Build.0 = Debug|Any CPU
		{A4D13BC7-D90D-4D37-A848-B8F7CC73F29F}.Debug|x86.ActiveCfg = Debug|Any CPU
		{A4D13BC7-D90D-4D37-A848-B8F7CC73F29F}.Debug|x86.Build.0 = Debug|Any CPU
		{A4D13BC7-D90D-4D37-A848-B8F7CC73F29F}.Release|Any CPU.ActiveCfg = Release|Any CPU
		{A4D13BC7-D90D-4D37-A848-B8F7CC73F29F}.Release|Any CPU.Build.0 = Release|Any CPU
		{A4D13BC7-D90D-4D37-A848-B8F7CC73F29F}.Release|x64.ActiveCfg = Release|Any CPU
		{A4D13BC7-D90D-4D37-A848-B8F7CC73F29F}.Release|x64.Build.0 = Release|Any CPU
		{A4D13BC7-D90D-4D37-A848-B8F7CC73F29F}.Release|x86.ActiveCfg = Release|Any CPU
		{A4D13BC7-D90D-4D37-A848-B8F7CC73F29F}.Release|x86.Build.0 = Release|Any CPU
		{8D9D8875-C648-4D1C-943F-3F5267CD5413}.Debug|Any CPU.ActiveCfg = Debug|Any CPU
		{8D9D8875-C648-4D1C-943F-3F5267CD5413}.Debug|Any CPU.Build.0 = Debug|Any CPU
		{8D9D8875-C648-4D1C-943F-3F5267CD5413}.Debug|x64.ActiveCfg = Debug|Any CPU
		{8D9D8875-C648-4D1C-943F-3F5267CD5413}.Debug|x64.Build.0 = Debug|Any CPU
		{8D9D8875-C648-4D1C-943F-3F5267CD5413}.Debug|x86.ActiveCfg = Debug|Any CPU
		{8D9D8875-C648-4D1C-943F-3F5267CD5413}.Debug|x86.Build.0 = Debug|Any CPU
		{8D9D8875-C648-4D1C-943F-3F5267CD5413}.Release|Any CPU.ActiveCfg = Release|Any CPU
		{8D9D8875-C648-4D1C-943F-3F5267CD5413}.Release|Any CPU.Build.0 = Release|Any CPU
		{8D9D8875-C648-4D1C-943F-3F5267CD5413}.Release|x64.ActiveCfg = Release|Any CPU
		{8D9D8875-C648-4D1C-943F-3F5267CD5413}.Release|x64.Build.0 = Release|Any CPU
		{8D9D8875-C648-4D1C-943F-3F5267CD5413}.Release|x86.ActiveCfg = Release|Any CPU
		{8D9D8875-C648-4D1C-943F-3F5267CD5413}.Release|x86.Build.0 = Release|Any CPU
		{D006903E-6F5E-4347-9D68-C1423670F857}.Debug|Any CPU.ActiveCfg = Debug|Any CPU
		{D006903E-6F5E-4347-9D68-C1423670F857}.Debug|Any CPU.Build.0 = Debug|Any CPU
		{D006903E-6F5E-4347-9D68-C1423670F857}.Debug|x64.ActiveCfg = Debug|Any CPU
		{D006903E-6F5E-4347-9D68-C1423670F857}.Debug|x64.Build.0 = Debug|Any CPU
		{D006903E-6F5E-4347-9D68-C1423670F857}.Debug|x86.ActiveCfg = Debug|Any CPU
		{D006903E-6F5E-4347-9D68-C1423670F857}.Debug|x86.Build.0 = Debug|Any CPU
		{D006903E-6F5E-4347-9D68-C1423670F857}.Release|Any CPU.ActiveCfg = Release|Any CPU
		{D006903E-6F5E-4347-9D68-C1423670F857}.Release|Any CPU.Build.0 = Release|Any CPU
		{D006903E-6F5E-4347-9D68-C1423670F857}.Release|x64.ActiveCfg = Release|Any CPU
		{D006903E-6F5E-4347-9D68-C1423670F857}.Release|x64.Build.0 = Release|Any CPU
		{D006903E-6F5E-4347-9D68-C1423670F857}.Release|x86.ActiveCfg = Release|Any CPU
		{D006903E-6F5E-4347-9D68-C1423670F857}.Release|x86.Build.0 = Release|Any CPU
		{34B6F04E-A045-4285-9782-03CD3EE72652}.Debug|Any CPU.ActiveCfg = Debug|Any CPU
		{34B6F04E-A045-4285-9782-03CD3EE72652}.Debug|Any CPU.Build.0 = Debug|Any CPU
		{34B6F04E-A045-4285-9782-03CD3EE72652}.Debug|x64.ActiveCfg = Debug|Any CPU
		{34B6F04E-A045-4285-9782-03CD3EE72652}.Debug|x64.Build.0 = Debug|Any CPU
		{34B6F04E-A045-4285-9782-03CD3EE72652}.Debug|x86.ActiveCfg = Debug|Any CPU
		{34B6F04E-A045-4285-9782-03CD3EE72652}.Debug|x86.Build.0 = Debug|Any CPU
		{34B6F04E-A045-4285-9782-03CD3EE72652}.Release|Any CPU.ActiveCfg = Release|Any CPU
		{34B6F04E-A045-4285-9782-03CD3EE72652}.Release|Any CPU.Build.0 = Release|Any CPU
		{34B6F04E-A045-4285-9782-03CD3EE72652}.Release|x64.ActiveCfg = Release|Any CPU
		{34B6F04E-A045-4285-9782-03CD3EE72652}.Release|x64.Build.0 = Release|Any CPU
		{34B6F04E-A045-4285-9782-03CD3EE72652}.Release|x86.ActiveCfg = Release|Any CPU
		{34B6F04E-A045-4285-9782-03CD3EE72652}.Release|x86.Build.0 = Release|Any CPU
		{4E90C990-1D6D-4F5C-93FF-54D88DEF585F}.Debug|Any CPU.ActiveCfg = Debug|Any CPU
		{4E90C990-1D6D-4F5C-93FF-54D88DEF585F}.Debug|Any CPU.Build.0 = Debug|Any CPU
		{4E90C990-1D6D-4F5C-93FF-54D88DEF585F}.Debug|x64.ActiveCfg = Debug|Any CPU
		{4E90C990-1D6D-4F5C-93FF-54D88DEF585F}.Debug|x64.Build.0 = Debug|Any CPU
		{4E90C990-1D6D-4F5C-93FF-54D88DEF585F}.Debug|x86.ActiveCfg = Debug|Any CPU
		{4E90C990-1D6D-4F5C-93FF-54D88DEF585F}.Debug|x86.Build.0 = Debug|Any CPU
		{4E90C990-1D6D-4F5C-93FF-54D88DEF585F}.Release|Any CPU.ActiveCfg = Release|Any CPU
		{4E90C990-1D6D-4F5C-93FF-54D88DEF585F}.Release|Any CPU.Build.0 = Release|Any CPU
		{4E90C990-1D6D-4F5C-93FF-54D88DEF585F}.Release|x64.ActiveCfg = Release|Any CPU
		{4E90C990-1D6D-4F5C-93FF-54D88DEF585F}.Release|x64.Build.0 = Release|Any CPU
		{4E90C990-1D6D-4F5C-93FF-54D88DEF585F}.Release|x86.ActiveCfg = Release|Any CPU
		{4E90C990-1D6D-4F5C-93FF-54D88DEF585F}.Release|x86.Build.0 = Release|Any CPU
	EndGlobalSection
	GlobalSection(SolutionProperties) = preSolution
		HideSolutionNode = FALSE
	EndGlobalSection
	GlobalSection(NestedProjects) = preSolution
		{103415B1-1FEA-4A74-BEFB-8CF06AEBDADB} = {827E0CD3-B72D-47B6-A68D-7590B98EB39B}
		{F6A48BB7-1521-499A-8254-C39C32F7E788} = {827E0CD3-B72D-47B6-A68D-7590B98EB39B}
		{A4D13BC7-D90D-4D37-A848-B8F7CC73F29F} = {827E0CD3-B72D-47B6-A68D-7590B98EB39B}
		{8D9D8875-C648-4D1C-943F-3F5267CD5413} = {827E0CD3-B72D-47B6-A68D-7590B98EB39B}
		{D006903E-6F5E-4347-9D68-C1423670F857} = {827E0CD3-B72D-47B6-A68D-7590B98EB39B}
		{34B6F04E-A045-4285-9782-03CD3EE72652} = {827E0CD3-B72D-47B6-A68D-7590B98EB39B}
		{4E90C990-1D6D-4F5C-93FF-54D88DEF585F} = {0AB3BF05-4346-4AA6-1389-037BE0695223}
	EndGlobalSection
EndGlobal
